<Project xmlns="http://schemas.microsoft.com/developer/msbuild/2003">
    <PropertyGroup>
        <ProjectGuid>{0AB1E040-5FC6-4BA1-8AFB-AD19F74B33B2}</ProjectGuid>
        <ProjectVersion>18.1</ProjectVersion>
        <FrameworkType>VCL</FrameworkType>
        <MainSource>IQSlit.dpr</MainSource>
        <Base>True</Base>
        <Config Condition="'$(Config)'==''">Debug</Config>
        <Platform Condition="'$(Platform)'==''">Win32</Platform>
        <TargetedPlatforms>1</TargetedPlatforms>
        <AppType>Application</AppType>
    </PropertyGroup>
    <PropertyGroup Condition="'$(Config)'=='Base' or '$(Base)'!=''">
        <Base>true</Base>
    </PropertyGroup>
    <PropertyGroup Condition="('$(Platform)'=='Win32' and '$(Base)'=='true') or '$(Base_Win32)'!=''">
        <Base_Win32>true</Base_Win32>
        <CfgParent>Base</CfgParent>
        <Base>true</Base>
    </PropertyGroup>
    <PropertyGroup Condition="('$(Platform)'=='Win64' and '$(Base)'=='true') or '$(Base_Win64)'!=''">
        <Base_Win64>true</Base_Win64>
        <CfgParent>Base</CfgParent>
        <Base>true</Base>
    </PropertyGroup>
    <PropertyGroup Condition="'$(Config)'=='Debug' or '$(Cfg_1)'!=''">
        <Cfg_1>true</Cfg_1>
        <CfgParent>Base</CfgParent>
        <Base>true</Base>
    </PropertyGroup>
    <PropertyGroup Condition="('$(Platform)'=='Win32' and '$(Cfg_1)'=='true') or '$(Cfg_1_Win32)'!=''">
        <Cfg_1_Win32>true</Cfg_1_Win32>
        <CfgParent>Cfg_1</CfgParent>
        <Cfg_1>true</Cfg_1>
        <Base>true</Base>
    </PropertyGroup>
    <PropertyGroup Condition="'$(Config)'=='Release' or '$(Cfg_2)'!=''">
        <Cfg_2>true</Cfg_2>
        <CfgParent>Base</CfgParent>
        <Base>true</Base>
    </PropertyGroup>
    <PropertyGroup Condition="('$(Platform)'=='Win32' and '$(Cfg_2)'=='true') or '$(Cfg_2_Win32)'!=''">
        <Cfg_2_Win32>true</Cfg_2_Win32>
        <CfgParent>Cfg_2</CfgParent>
        <Cfg_2>true</Cfg_2>
        <Base>true</Base>
    </PropertyGroup>
    <PropertyGroup Condition="'$(Base)'!=''">
        <SanitizedProjectName>IQSlit</SanitizedProjectName>
        <Manifest_File>$(BDS)\bin\default_app.manifest</Manifest_File>
        <DCC_Namespace>Vcl;Vcl.Imaging;Vcl.Touch;Vcl.Samples;Vcl.Shell;System;Xml;Data;Datasnap;Web;Soap;Winapi;Bde;System.Win;Androidapi.JNI;VclTee;$(DCC_Namespace)</DCC_Namespace>
        <VerInfo_MajorVer>4</VerInfo_MajorVer>
        <VerInfo_Keys>CompanyName=IQMS;FileDescription=EnterpriseIQ;FileVersion=4.0.2.541;InternalName=IQWin32.exe;LegalCopyright=IQMS;LegalTrademarks=;OriginalFilename=IQWin32.exe;ProductName=EnterpriseIQ;ProductVersion=4.0.2.0;Comments=</VerInfo_Keys>
        <VerInfo_Locale>1033</VerInfo_Locale>
        <VerInfo_Build>541</VerInfo_Build>
        <VerInfo_Release>2</VerInfo_Release>
        <VerInfo_AutoGenVersion>true</VerInfo_AutoGenVersion>
        <VerInfo_IncludeVerInfo>true</VerInfo_IncludeVerInfo>
        <DCC_BOUNDS_ERROR>false</DCC_BOUNDS_ERROR>
        <DCC_FOR_LOOP_VAR_VARPAR>false</DCC_FOR_LOOP_VAR_VARPAR>
        <DCC_FOR_VARIABLE>false</DCC_FOR_VARIABLE>
        <DCC_HRESULT_COMPAT>false</DCC_HRESULT_COMPAT>
        <DCC_HIDING_MEMBER>false</DCC_HIDING_MEMBER>
        <DCC_ExeOutput>$(IQSRC)\Win</DCC_ExeOutput>
        <DCC_UnitSearchPath>..\;..\..\common\Components\Source;..\..\common\Libraries;..\..\common\Libraries\TaskManager\;..\Analysis;..\Ap;..\Ar;..\AssyData;..\AssyTrack;..\Bioscan;..\Bm;..\Bom;..\Br;..\Capacity;..\Cd;..\Central_Client;..\Costsrc;..\Cr;..\Creditcard;..\Crm;..\Crm_Alert;..\Crm_Answerbook;..\Crm_Callcenter;..\Crm_Dbtrans;..\Crm_Mail;..\Crm_Market;..\Crm_Notify;..\Crm_Package;..\Crm_Popup;..\Crm_Quote;..\Crm_Support;..\Crm_Word;..\Customer;..\Custstat;..\Dbcompare;..\Dblh_Shared;..\Dd;..\DelphiFix;..\Dhr;..\Dimp;..\Dispo;..\Dispo_Server;..\DocumentAnalysis;..\DrawObjects;..\Dunning;..\Edi_Hist;..\Edi_In;..\Edimonitor;..\Eiqarchiver;..\EIS;..\Encons;..\Eserver;..\Examdir;..\External Web Service Interfaces;..\Fa;..\Fabdata;..\Fabtrack;..\Fgavail;..\Fin_Rpt;..\FindTimes;..\Frx;..\Gj;..\Gj_import;..\Gl;..\Heijunka;..\Ict;..\Image_Library;..\Inv;..\Iq_Clock;..\IQ941;..\Iqactive;..\Iqalert;..\Iqarchive;..\IQBF;..\Iqchat;..\Iqconfig;..\Iqcorvu;..\Iqcost;..\Iqdbtrans;..\Iqdbu;..\Iqdbx;..\Iqdload;..\Iqedi;..\Iqencrypt;..\Iqexecinfo;..\Iqexp;..\Iqfax;..\Iqforecast;..\Iqgate;..\Iqhr;..\Iqimp;..\Iqinst;..\Iqlicens;..\Iqlink;..\Iqlog;..\Iqmaster;..\Iqmeter;..\Iqmps;..\Iqora_Server_10g;..\Iqora_Server_11g;..\Iqora_Server_11gR2;..\Iqora_Server_12c;..\IQOracleProfiler;..\Iqpra;..\Iqpurge;..\IqRebate;..\Iqrepmng;..\Iqrf;..\Iqrs;..\IQSHARE;..\Iqshipman;..\Iqspc;..\iqspc_chart;..\Iqspc_Dbtrans;..\Iqstatus;..\Iqsys;..\Iqtool;..\Iqverify;..\Iqvoice;..\Iqwebdir;..\Iqwebservicesoap;..\Iqwin32;..\Iqworkflow;..\Iqxml;..\IQzip;..\Irv32;..\Jc;..\Jobshop;..\Label_Id;..\License_Info;..\Localization;..\Lotusnotes;..\Matrix;..\Mettlerlink;..\Motefirmware;..\Multicur;..\Oe;..\Oracle_Shared;..\outsource_central;..\Packslip;..\pallet_pattern;..\Palletconstructor;..\Palletwrap;..\Payroll;..\Philips;..\Plm;..\Pm;..\Po;..\Print_Dialogs;..\Print_Labels;..\private_ApplRbr;..\private_dblh;..\private_iqmlc;..\Private_Mpc;..\private_Mullinix;..\private_WrkCntrPltBldr;..\Prod;..\Profile;..\Prw;..\Qc;..\Qc_Apqp;..\Qc_Audit;..\Qc_Capa;..\Qc_Car;..\Qc_Coq;..\Qc_Dev;..\Qc_Doc;..\Qc_Eco;..\Qc_Exec;..\Qc_Mrb;..\Qc_Ppap;..\Qc_Proc_Pq;..\Qc_Prod_Pq;..\Quote;..\Rbom;..\Rd;..\Receive;..\Regional;..\Relmng;..\Rma;..\Rt;..\Rt_Wd;..\Rtchart;..\Rtlabel;..\Rtpcmon;..\Rts_Dart;..\Rtserver;..\Salesmen;..\Sanalys;..\Scan_Id;..\Scan_Image;..\Scanline;..\Sched;..\Search_Engine;..\Setup_Apache_11g;..\Setup_Apache_11gR2;..\Shop_Su;..\Shopdata;..\Signaturecapture;..\Sndop;..\Ta;..\Taginv;..\Taxcodes;..\Testhttpservices;..\Touchscreen;..\Tracking;..\Trans;..\Ups_Httplink;..\UPSComponents;..\Upslink;..\VCL;..\Vend_Rma;..\Vendor;..\vendor_rfq;..\Volume;..\Wave;..\Web_Cgi;..\Web_Misc;..\web_twiki;..\WebFilesApache;..\Webkeyinstall;..\Webrestservice;..\Wms;..\Workcntr;..\Wrkorder;..\Www_Oe;..\Zipcode;..\..\3rdPartyTools\LockBox\;..\..\3rdPartyTools\Spring4D\Source\Base;..\..\3rdPartyTools\Spring4D\Source\Base\Collections;..\..\3rdPartyTools\Spring4D\Source\Base\Reflection;..\..\3rdPartyTools\Spring4D\Source\Core\Container;..\..\3rdPartyTools\Spring4D\Source\Core\Services;..\..\3rdPartyTools\Spring4D\Source\Extensions\Cryptography;..\..\3rdPartyTools\Spring4D\Source\Extensions\Utils;$(DCC_UnitSearchPath)</DCC_UnitSearchPath>
        <DCC_CONSTRUCTING_ABSTRACT>false</DCC_CONSTRUCTING_ABSTRACT>
        <DCC_PACKAGE_NO_LINK>false</DCC_PACKAGE_NO_LINK>
        <DCC_IMPLICIT_IMPORT>false</DCC_IMPLICIT_IMPORT>
        <DCC_ImageBase>00400000</DCC_ImageBase>
        <DCC_MESSAGE_DIRECTIVE>false</DCC_MESSAGE_DIRECTIVE>
        <DCC_FOR_LOOP_VAR_UNDEF>false</DCC_FOR_LOOP_VAR_UNDEF>
        <DCC_COMPARISON_FALSE>false</DCC_COMPARISON_FALSE>
        <DCC_UNSUPPORTED_CONSTRUCT>false</DCC_UNSUPPORTED_CONSTRUCT>
        <DCC_Warnings>false</DCC_Warnings>
        <DCC_BAD_GLOBAL_SYMBOL>false</DCC_BAD_GLOBAL_SYMBOL>
        <DCC_SYMBOL_PLATFORM>false</DCC_SYMBOL_PLATFORM>
        <DCC_ASG_TO_TYPED_CONST>false</DCC_ASG_TO_TYPED_CONST>
        <DCC_USE_BEFORE_DEF>false</DCC_USE_BEFORE_DEF>
        <DCC_FILE_OPEN>false</DCC_FILE_OPEN>
        <DCC_IMPLICIT_VARIANTS>false</DCC_IMPLICIT_VARIANTS>
        <DCC_ZERO_NIL_COMPAT>false</DCC_ZERO_NIL_COMPAT>
        <DCC_HPPEMIT_IGNORED>false</DCC_HPPEMIT_IGNORED>
        <DCC_Optimize>false</DCC_Optimize>
        <DCC_Hints>false</DCC_Hints>
        <DCC_PACKAGED_THREADVAR>false</DCC_PACKAGED_THREADVAR>
        <DCC_STRING_CONST_TRUNCED>false</DCC_STRING_CONST_TRUNCED>
        <DCC_COMPARING_SIGNED_UNSIGNED>false</DCC_COMPARING_SIGNED_UNSIGNED>
        <DCC_COMBINING_SIGNED_UNSIGNED>false</DCC_COMBINING_SIGNED_UNSIGNED>
        <DCC_UNIT_DEPRECATED>false</DCC_UNIT_DEPRECATED>
        <DCC_DcuOutput>$(IQDCU)\Win</DCC_DcuOutput>
        <DCC_AssertionsAtRuntime>false</DCC_AssertionsAtRuntime>
        <DCC_COMPARISON_TRUE>false</DCC_COMPARISON_TRUE>
        <DCC_UNIT_PLATFORM>false</DCC_UNIT_PLATFORM>
        <DCC_LOCALE_TO_UNICODE>false</DCC_LOCALE_TO_UNICODE>
        <DCC_SUSPICIOUS_TYPECAST>false</DCC_SUSPICIOUS_TYPECAST>
        <DCC_SymbolReferenceInfo>0</DCC_SymbolReferenceInfo>
        <DCC_CASE_LABEL_RANGE>false</DCC_CASE_LABEL_RANGE>
        <DCC_TYPED_CONST_VARPAR>false</DCC_TYPED_CONST_VARPAR>
        <DCC_FILE_OPEN_UNITSRC>false</DCC_FILE_OPEN_UNITSRC>
        <DCC_NO_CFG_FILE_FOUND>false</DCC_NO_CFG_FILE_FOUND>
        <DCC_UsePackage>vcl;vclx;VclSmp;vcldb;adortl;bdertl;vcldbx;dbxcds;qrpt;vclie;inet;inetdbbde;inetdbxpress;webdsnap;websnap;TeeUI77;Tee77;TeeDB77;TeeLanguage77;TeePro77;TeeGL77;TeeImage77;TeeQR77;ip2007clientvcl7;ip2007v7;Ims2d6;$(DCC_UsePackage)</DCC_UsePackage>
        <DCC_WriteableConstants>true</DCC_WriteableConstants>
        <DCC_MinStackSize>32768</DCC_MinStackSize>
        <DCC_UNICODE_TO_LOCALE>false</DCC_UNICODE_TO_LOCALE>
        <DCC_DUPLICATE_CTOR_DTOR>false</DCC_DUPLICATE_CTOR_DTOR>
        <DCC_GARBAGE>false</DCC_GARBAGE>
        <DCC_INVALID_DIRECTIVE>false</DCC_INVALID_DIRECTIVE>
        <DCC_SYMBOL_LIBRARY>false</DCC_SYMBOL_LIBRARY>
        <DCC_SYMBOL_DEPRECATED>false</DCC_SYMBOL_DEPRECATED>
        <DCC_UNIT_NAME_MISMATCH>false</DCC_UNIT_NAME_MISMATCH>
        <DCC_IMAGEBASE_MULTIPLE>false</DCC_IMAGEBASE_MULTIPLE>
        <DCC_NO_RETVAL>false</DCC_NO_RETVAL>
        <DCC_UNIT_LIBRARY>false</DCC_UNIT_LIBRARY>
        <DCC_HIDDEN_VIRTUAL>false</DCC_HIDDEN_VIRTUAL>
        <DCC_PRIVATE_PROPACCESSOR>false</DCC_PRIVATE_PROPACCESSOR>
    </PropertyGroup>
    <PropertyGroup Condition="'$(Base_Win32)'!=''">
        <VerInfo_Build>0</VerInfo_Build>
        <VerInfo_Release>0</VerInfo_Release>
        <VerInfo_MajorVer>1</VerInfo_MajorVer>
        <Debugger_RunParams>_SHOW_HELP_CONTEXT_ID_</Debugger_RunParams>
        <Icon_MainIcon>IQSlit_Icon1.ico</Icon_MainIcon>
        <DCC_Namespace>Data.Win;Datasnap.Win;Web.Win;Soap.Win;Xml.Win;$(DCC_Namespace)</DCC_Namespace>
        <VerInfo_Keys>CompanyName=;FileDescription=;FileVersion=1.0.0.0;InternalName=;LegalCopyright=;LegalTrademarks=;OriginalFilename=;ProductName=;ProductVersion=1.0.0.0;Comments=</VerInfo_Keys>
    </PropertyGroup>
    <PropertyGroup Condition="'$(Base_Win64)'!=''">
        <DCC_UsePackage>FireDACSqliteDriver;DBXSqliteDriver;AbbreviaVCL;FireDACPgDriver;AbkDBStdBDSXE5;fmx;IndySystem;vclib;DBXInterBaseDriver;DataSnapClient;DataSnapCommon;DataSnapServer;officeXPrt;DataSnapProviderClient;DBXSybaseASEDriver;DbxCommonDriver;vclimg;DatasnapConnectorsFreePascal;MetropolisUILiveTile;vcldsnap;fmxFireDAC;DBXDb2Driver;DBXOracleDriver;CustomIPTransport;vclribbon;dsnap;IndyIPServer;fmxase;IndyCore;IndyIPCommon;CloudService;DBXMSSQLDriver;FireDACIBDriver;DataSnapFireDAC;FireDACDBXDriver;FireDACDb2Driver;FireDACASADriver;bindcompfmx;FireDACODBCDriver;rtl;dbrtl;DbxClientDriver;FireDACCommon;bindcomp;inetdb;DBXOdbcDriver;vclFireDAC;xmlrtl;ibxpress;IndyProtocols;DBXMySQLDriver;FireDACCommonDriver;bindengine;vclactnband;soaprtl;bindcompdbx;AbkStdBDSXE5;bindcompvcl;ipstudiowin;FireDACADSDriver;vcltouch;FireDACMSSQLDriver;FireDAC;VCLRESTComponents;Intraweb;DBXInformixDriver;DataSnapConnectors;FireDACDataSnapDriver;ipstudiowinclient;OLSecManD19;dsnapcon;DBXFirebirdDriver;fmxobj;FireDACMySQLDriver;DBXSybaseASADriver;FireDACOracleDriver;fmxdae;RESTComponents;FireDACMSAccDriver;DataSnapIndy10ServerTransport;dbexpress;IndyIPClient;$(DCC_UsePackage)</DCC_UsePackage>
    </PropertyGroup>
    <PropertyGroup Condition="'$(Cfg_1)'!=''">
        <Icon_MainIcon>IQSlit_Icon1.ico</Icon_MainIcon>
        <DCC_Define>DEBUG;$(DCC_Define)</DCC_Define>
        <DCC_DebugDCUs>true</DCC_DebugDCUs>
        <DCC_Optimize>false</DCC_Optimize>
        <DCC_GenerateStackFrames>true</DCC_GenerateStackFrames>
    </PropertyGroup>
    <PropertyGroup Condition="'$(Cfg_1_Win32)'!=''">
        <Debugger_RunParams>/STANDALONE</Debugger_RunParams>
        <VerInfo_Release>0</VerInfo_Release>
        <VerInfo_Build>0</VerInfo_Build>
        <VerInfo_MajorVer>1</VerInfo_MajorVer>
        <VerInfo_Keys>CompanyName=;FileDescription=;FileVersion=1.0.0.0;InternalName=;LegalCopyright=;LegalTrademarks=;OriginalFilename=;ProductName=;ProductVersion=1.0.0.0;Comments=</VerInfo_Keys>
        <DCC_RemoteDebug>false</DCC_RemoteDebug>
    </PropertyGroup>
    <PropertyGroup Condition="'$(Cfg_2)'!=''">
        <DCC_LocalDebugSymbols>false</DCC_LocalDebugSymbols>
        <DCC_Define>RELEASE;$(DCC_Define)</DCC_Define>
        <DCC_SymbolReferenceInfo>0</DCC_SymbolReferenceInfo>
        <DCC_DebugInformation>0</DCC_DebugInformation>
    </PropertyGroup>
    <PropertyGroup Condition="'$(Cfg_2_Win32)'!=''">
        <VerInfo_Keys>CompanyName=;FileDescription=;FileVersion=1.0.0.0;InternalName=;LegalCopyright=;LegalTrademarks=;OriginalFilename=;ProductName=;ProductVersion=1.0.0.0;Comments=</VerInfo_Keys>
        <VerInfo_IncludeVerInfo>true</VerInfo_IncludeVerInfo>
    </PropertyGroup>
    <ItemGroup>
        <DelphiCompile Include="$(MainSource)">
            <MainSource>MainSource</MainSource>
        </DelphiCompile>
        <DCCReference Include="slit_opt.pas">
            <Form>FrmSlitOpt</Form>
        </DCCReference>
        <DCCReference Include="..\iqshare\DB_DM.pas">
            <Form>DB_DataModule</Form>
            <DesignClass>TDataModule</DesignClass>
        </DCCReference>
        <DCCReference Include="slit_add_item.pas">
            <Form>FrmSlitAddItem</Form>
        </DCCReference>
        <DCCReference Include="IQSlit_TLB.pas"/>
        <DCCReference Include="IQSlit_COM.pas">
            <CoClasses>IQShell</CoClasses>
        </DCCReference>
        <DCCReference Include="slit_launcher.pas">
            <Form>FrmSlitLaunch</Form>
            <FormType>dfm</FormType>
        </DCCReference>
        <DCCReference Include="slit_params.pas">
            <Form>FrmSlitParams</Form>
            <FormType>dfm</FormType>
        </DCCReference>
        <RidlCompile Include="IQSlit.ridl"/>
        <BuildConfiguration Include="Release">
            <Key>Cfg_2</Key>
            <CfgParent>Base</CfgParent>
        </BuildConfiguration>
        <BuildConfiguration Include="Base">
            <Key>Base</Key>
        </BuildConfiguration>
        <BuildConfiguration Include="Debug">
            <Key>Cfg_1</Key>
            <CfgParent>Base</CfgParent>
        </BuildConfiguration>
    </ItemGroup>
    <ProjectExtensions>
        <Borland.Personality>Delphi.Personality.12</Borland.Personality>
        <Borland.ProjectType/>
        <BorlandProject>
            <Delphi.Personality>
                <Source>
                    <Source Name="MainSource">IQSlit.dpr</Source>
                </Source>
                <VersionInfo>
                    <VersionInfo Name="IncludeVerInfo">False</VersionInfo>
                    <VersionInfo Name="AutoIncBuild">False</VersionInfo>
                    <VersionInfo Name="MajorVer">1</VersionInfo>
                    <VersionInfo Name="MinorVer">0</VersionInfo>
                    <VersionInfo Name="Release">0</VersionInfo>
                    <VersionInfo Name="Build">0</VersionInfo>
                    <VersionInfo Name="Debug">False</VersionInfo>
                    <VersionInfo Name="PreRelease">False</VersionInfo>
                    <VersionInfo Name="Special">False</VersionInfo>
                    <VersionInfo Name="Private">False</VersionInfo>
                    <VersionInfo Name="DLL">False</VersionInfo>
                    <VersionInfo Name="Locale">1033</VersionInfo>
                    <VersionInfo Name="CodePage">1252</VersionInfo>
                </VersionInfo>
                <VersionInfoKeys>
                    <VersionInfoKeys Name="CompanyName"/>
                    <VersionInfoKeys Name="FileDescription"/>
                    <VersionInfoKeys Name="FileVersion">1.0.0.0</VersionInfoKeys>
                    <VersionInfoKeys Name="InternalName"/>
                    <VersionInfoKeys Name="LegalCopyright"/>
                    <VersionInfoKeys Name="LegalTrademarks"/>
                    <VersionInfoKeys Name="OriginalFilename"/>
                    <VersionInfoKeys Name="ProductName"/>
                    <VersionInfoKeys Name="ProductVersion">1.0.0.0</VersionInfoKeys>
                    <VersionInfoKeys Name="Comments"/>
                    <VersionInfoKeys Name="CFBundleName"/>
                    <VersionInfoKeys Name="CFBundleDisplayName"/>
                    <VersionInfoKeys Name="UIDeviceFamily"/>
                    <VersionInfoKeys Name="CFBundleIdentifier"/>
                    <VersionInfoKeys Name="CFBundleVersion"/>
                    <VersionInfoKeys Name="CFBundlePackageType"/>
                    <VersionInfoKeys Name="CFBundleSignature"/>
                    <VersionInfoKeys Name="CFBundleAllowMixedLocalizations"/>
                    <VersionInfoKeys Name="UISupportedInterfaceOrientations"/>
                    <VersionInfoKeys Name="CFBundleExecutable"/>
                    <VersionInfoKeys Name="CFBundleResourceSpecification"/>
                    <VersionInfoKeys Name="LSRequiresIPhoneOS"/>
                    <VersionInfoKeys Name="CFBundleInfoDictionaryVersion"/>
                    <VersionInfoKeys Name="CFBundleDevelopmentRegion"/>
                    <VersionInfoKeys Name="package"/>
                    <VersionInfoKeys Name="label"/>
                    <VersionInfoKeys Name="versionCode"/>
                    <VersionInfoKeys Name="versionName"/>
                    <VersionInfoKeys Name="persistent"/>
                    <VersionInfoKeys Name="restoreAnyVersion"/>
                    <VersionInfoKeys Name="installLocation"/>
                    <VersionInfoKeys Name="largeHeap"/>
                    <VersionInfoKeys Name="theme"/>
                </VersionInfoKeys>
                <Excluded_Packages>
                    <Excluded_Packages Name="$(BDSBIN)\dcloffice2k230.bpl">Microsoft Office 2000 Sample Automation Server Wrapper Components</Excluded_Packages>
                </Excluded_Packages>
            </Delphi.Personality>
            <Deployment Version="2">
                <DeployClass Name="DependencyModule">
                    <Platform Name="Win32">
                        <Operation>0</Operation>
                        <Extensions>.dll;.bpl</Extensions>
                    </Platform>
                    <Platform Name="iOSDevice64">
                        <Operation>1</Operation>
                        <Extensions>.dylib</Extensions>
                    </Platform>
                    <Platform Name="OSX32">
                        <RemoteDir>Contents\MacOS</RemoteDir>
                        <Operation>1</Operation>
                        <Extensions>.dylib</Extensions>
                    </Platform>
                    <Platform Name="iOSDevice32">
                        <Operation>1</Operation>
                        <Extensions>.dylib</Extensions>
                    </Platform>
                    <Platform Name="iOSSimulator">
                        <Operation>1</Operation>
                        <Extensions>.dylib</Extensions>
                    </Platform>
                </DeployClass>
                <DeployClass Name="ProjectOSXResource">
                    <Platform Name="OSX32">
                        <RemoteDir>Contents\Resources</RemoteDir>
                        <Operation>1</Operation>
                    </Platform>
                </DeployClass>
                <DeployClass Name="AndroidClassesDexFile">
                    <Platform Name="Android">
                        <RemoteDir>classes</RemoteDir>
                        <Operation>1</Operation>
                    </Platform>
                </DeployClass>
                <DeployClass Name="AdditionalDebugSymbols">
                    <Platform Name="Win32">
                        <RemoteDir>Contents\MacOS</RemoteDir>
                        <Operation>0</Operation>
                    </Platform>
                    <Platform Name="iOSSimulator">
                        <Operation>1</Operation>
                    </Platform>
                    <Platform Name="OSX32">
                        <RemoteDir>Contents\MacOS</RemoteDir>
                        <Operation>1</Operation>
                    </Platform>
                </DeployClass>
                <DeployClass Name="iPad_Launch768">
                    <Platform Name="iOSSimulator">
                        <Operation>1</Operation>
                    </Platform>
                    <Platform Name="iOSDevice64">
                        <Operation>1</Operation>
                    </Platform>
                    <Platform Name="iOSDevice32">
                        <Operation>1</Operation>
                    </Platform>
                </DeployClass>
                <DeployClass Name="Android_LauncherIcon144">
                    <Platform Name="Android">
                        <RemoteDir>res\drawable-xxhdpi</RemoteDir>
                        <Operation>1</Operation>
                    </Platform>
                </DeployClass>
                <DeployClass Name="AndroidLibnativeMipsFile">
                    <Platform Name="Android">
                        <RemoteDir>library\lib\mips</RemoteDir>
                        <Operation>1</Operation>
                    </Platform>
                </DeployClass>
                <DeployClass Required="true" Name="ProjectOutput">
                    <Platform Name="Win32">
                        <Operation>0</Operation>
                    </Platform>
                    <Platform Name="iOSDevice64">
                        <Operation>1</Operation>
                    </Platform>
                    <Platform Name="OSX32">
                        <RemoteDir>Contents\MacOS</RemoteDir>
                        <Operation>1</Operation>
                    </Platform>
                    <Platform Name="iOSDevice32">
                        <Operation>1</Operation>
                    </Platform>
                    <Platform Name="Android">
                        <RemoteDir>library\lib\armeabi-v7a</RemoteDir>
                        <Operation>1</Operation>
                    </Platform>
                    <Platform Name="iOSSimulator">
                        <Operation>1</Operation>
                    </Platform>
                </DeployClass>
                <DeployClass Name="DependencyFramework">
                    <Platform Name="Win32">
                        <Operation>0</Operation>
                    </Platform>
                    <Platform Name="OSX32">
                        <RemoteDir>Contents\MacOS</RemoteDir>
                        <Operation>1</Operation>
                        <Extensions>.framework</Extensions>
                    </Platform>
                </DeployClass>
                <DeployClass Name="iPhone_Launch640">
                    <Platform Name="iOSSimulator">
                        <Operation>1</Operation>
                    </Platform>
                    <Platform Name="iOSDevice64">
                        <Operation>1</Operation>
                    </Platform>
                    <Platform Name="iOSDevice32">
                        <Operation>1</Operation>
                    </Platform>
                </DeployClass>
                <DeployClass Name="iPad_Launch1024">
                    <Platform Name="iOSSimulator">
                        <Operation>1</Operation>
                    </Platform>
                    <Platform Name="iOSDevice64">
                        <Operation>1</Operation>
                    </Platform>
                    <Platform Name="iOSDevice32">
                        <Operation>1</Operation>
                    </Platform>
                </DeployClass>
                <DeployClass Name="ProjectiOSDeviceDebug">
                    <Platform Name="iOSDevice64">
                        <RemoteDir>..\$(PROJECTNAME).app.dSYM\Contents\Resources\DWARF</RemoteDir>
                        <Operation>1</Operation>
                    </Platform>
                    <Platform Name="iOSDevice32">
                        <RemoteDir>..\$(PROJECTNAME).app.dSYM\Contents\Resources\DWARF</RemoteDir>
                        <Operation>1</Operation>
                    </Platform>
                </DeployClass>
                <DeployClass Name="AndroidLibnativeX86File">
                    <Platform Name="Android">
                        <RemoteDir>library\lib\x86</RemoteDir>
                        <Operation>1</Operation>
                    </Platform>
                </DeployClass>
                <DeployClass Name="iPhone_Launch320">
                    <Platform Name="iOSSimulator">
                        <Operation>1</Operation>
                    </Platform>
                    <Platform Name="iOSDevice64">
                        <Operation>1</Operation>
                    </Platform>
                    <Platform Name="iOSDevice32">
                        <Operation>1</Operation>
                    </Platform>
                </DeployClass>
                <DeployClass Name="ProjectiOSInfoPList">
                    <Platform Name="iOSSimulator">
                        <Operation>1</Operation>
                    </Platform>
                    <Platform Name="iOSDevice64">
                        <Operation>1</Operation>
                    </Platform>
                    <Platform Name="iOSDevice32">
                        <Operation>1</Operation>
                    </Platform>
                </DeployClass>
                <DeployClass Name="AndroidLibnativeArmeabiFile">
                    <Platform Name="Android">
                        <RemoteDir>library\lib\armeabi</RemoteDir>
                        <Operation>1</Operation>
                    </Platform>
                </DeployClass>
                <DeployClass Name="DebugSymbols">
                    <Platform Name="Win32">
                        <Operation>0</Operation>
                    </Platform>
                    <Platform Name="iOSSimulator">
                        <Operation>1</Operation>
                    </Platform>
                    <Platform Name="OSX32">
                        <RemoteDir>Contents\MacOS</RemoteDir>
                        <Operation>1</Operation>
                    </Platform>
                </DeployClass>
                <DeployClass Name="iPad_Launch1536">
                    <Platform Name="iOSSimulator">
                        <Operation>1</Operation>
                    </Platform>
                    <Platform Name="iOSDevice64">
                        <Operation>1</Operation>
                    </Platform>
                    <Platform Name="iOSDevice32">
                        <Operation>1</Operation>
                    </Platform>
                </DeployClass>
                <DeployClass Name="Android_SplashImage470">
                    <Platform Name="Android">
                        <RemoteDir>res\drawable-normal</RemoteDir>
                        <Operation>1</Operation>
                    </Platform>
                </DeployClass>
                <DeployClass Name="Android_LauncherIcon96">
                    <Platform Name="Android">
                        <RemoteDir>res\drawable-xhdpi</RemoteDir>
                        <Operation>1</Operation>
                    </Platform>
                </DeployClass>
                <DeployClass Name="Android_SplashImage640">
                    <Platform Name="Android">
                        <RemoteDir>res\drawable-large</RemoteDir>
                        <Operation>1</Operation>
                    </Platform>
                </DeployClass>
                <DeployClass Name="iPhone_Launch640x1136">
                    <Platform Name="iOSSimulator">
                        <Operation>1</Operation>
                    </Platform>
                    <Platform Name="iOSDevice64">
                        <Operation>1</Operation>
                    </Platform>
                    <Platform Name="iOSDevice32">
                        <Operation>1</Operation>
                    </Platform>
                </DeployClass>
                <DeployClass Name="ProjectiOSEntitlements">
                    <Platform Name="iOSDevice64">
                        <RemoteDir>../</RemoteDir>
                        <Operation>1</Operation>
                    </Platform>
                    <Platform Name="iOSDevice32">
                        <RemoteDir>../</RemoteDir>
                        <Operation>1</Operation>
                    </Platform>
                </DeployClass>
                <DeployClass Name="Android_LauncherIcon72">
                    <Platform Name="Android">
                        <RemoteDir>res\drawable-hdpi</RemoteDir>
                        <Operation>1</Operation>
                    </Platform>
                </DeployClass>
                <DeployClass Name="AndroidGDBServer">
                    <Platform Name="Android">
                        <RemoteDir>library\lib\armeabi-v7a</RemoteDir>
                        <Operation>1</Operation>
                    </Platform>
                </DeployClass>
                <DeployClass Name="ProjectOSXInfoPList">
                    <Platform Name="OSX32">
                        <RemoteDir>Contents</RemoteDir>
                        <Operation>1</Operation>
                    </Platform>
                </DeployClass>
                <DeployClass Name="ProjectOSXEntitlements">
                    <Platform Name="OSX32">
                        <RemoteDir>../</RemoteDir>
                        <Operation>1</Operation>
                    </Platform>
                </DeployClass>
                <DeployClass Name="iPad_Launch2048">
                    <Platform Name="iOSSimulator">
                        <Operation>1</Operation>
                    </Platform>
                    <Platform Name="iOSDevice64">
                        <Operation>1</Operation>
                    </Platform>
                    <Platform Name="iOSDevice32">
                        <Operation>1</Operation>
                    </Platform>
                </DeployClass>
                <DeployClass Name="AndroidSplashStyles">
                    <Platform Name="Android">
                        <RemoteDir>res\values</RemoteDir>
                        <Operation>1</Operation>
                    </Platform>
                </DeployClass>
                <DeployClass Name="Android_SplashImage426">
                    <Platform Name="Android">
                        <RemoteDir>res\drawable-small</RemoteDir>
                        <Operation>1</Operation>
                    </Platform>
                </DeployClass>
                <DeployClass Name="AndroidSplashImageDef">
                    <Platform Name="Android">
                        <RemoteDir>res\drawable</RemoteDir>
                        <Operation>1</Operation>
                    </Platform>
                </DeployClass>
                <DeployClass Name="ProjectiOSResource">
                    <Platform Name="iOSSimulator">
                        <Operation>1</Operation>
                    </Platform>
                    <Platform Name="iOSDevice64">
                        <Operation>1</Operation>
                    </Platform>
                    <Platform Name="iOSDevice32">
                        <Operation>1</Operation>
                    </Platform>
                </DeployClass>
                <DeployClass Name="ProjectAndroidManifest">
                    <Platform Name="Android">
                        <Operation>1</Operation>
                    </Platform>
                </DeployClass>
                <DeployClass Name="Android_DefaultAppIcon">
                    <Platform Name="Android">
                        <RemoteDir>res\drawable</RemoteDir>
                        <Operation>1</Operation>
                    </Platform>
                </DeployClass>
                <DeployClass Name="File">
                    <Platform Name="Win32">
                        <Operation>0</Operation>
                    </Platform>
                    <Platform Name="iOSDevice64">
                        <Operation>0</Operation>
                    </Platform>
                    <Platform Name="OSX32">
                        <RemoteDir>Contents\Resources\StartUp\</RemoteDir>
                        <Operation>0</Operation>
                    </Platform>
                    <Platform Name="iOSDevice32">
                        <Operation>0</Operation>
                    </Platform>
                    <Platform Name="Android">
                        <Operation>0</Operation>
                    </Platform>
                    <Platform Name="iOSSimulator">
                        <Operation>0</Operation>
                    </Platform>
                </DeployClass>
                <DeployClass Name="AndroidServiceOutput">
                    <Platform Name="Android">
                        <RemoteDir>library\lib\armeabi-v7a</RemoteDir>
                        <Operation>1</Operation>
                    </Platform>
                </DeployClass>
                <DeployClass Required="true" Name="DependencyPackage">
                    <Platform Name="Win32">
                        <Operation>0</Operation>
                        <Extensions>.bpl</Extensions>
                    </Platform>
                    <Platform Name="iOSDevice64">
                        <Operation>1</Operation>
                        <Extensions>.dylib</Extensions>
                    </Platform>
                    <Platform Name="OSX32">
                        <RemoteDir>Contents\MacOS</RemoteDir>
                        <Operation>1</Operation>
                        <Extensions>.dylib</Extensions>
                    </Platform>
                    <Platform Name="iOSDevice32">
                        <Operation>1</Operation>
                        <Extensions>.dylib</Extensions>
                    </Platform>
                    <Platform Name="iOSSimulator">
                        <Operation>1</Operation>
                        <Extensions>.dylib</Extensions>
                    </Platform>
                </DeployClass>
                <DeployClass Name="Android_LauncherIcon48">
                    <Platform Name="Android">
                        <RemoteDir>res\drawable-mdpi</RemoteDir>
                        <Operation>1</Operation>
                    </Platform>
                </DeployClass>
                <DeployClass Name="Android_SplashImage960">
                    <Platform Name="Android">
                        <RemoteDir>res\drawable-xlarge</RemoteDir>
                        <Operation>1</Operation>
                    </Platform>
                </DeployClass>
                <DeployClass Name="Android_LauncherIcon36">
                    <Platform Name="Android">
                        <RemoteDir>res\drawable-ldpi</RemoteDir>
                        <Operation>1</Operation>
                    </Platform>
                </DeployClass>
                <DeployClass Name="ProjectiOSDeviceResourceRules">
                    <Platform Name="iOSDevice64">
                        <Operation>1</Operation>
                    </Platform>
                    <Platform Name="iOSDevice32">
                        <Operation>1</Operation>
                    </Platform>
                </DeployClass>
                <ProjectRoot Platform="iOSDevice64" Name="$(PROJECTNAME).app"/>
                <ProjectRoot Platform="Win64" Name="$(PROJECTNAME)"/>
                <ProjectRoot Platform="iOSDevice32" Name="$(PROJECTNAME).app"/>
                <ProjectRoot Platform="Win32" Name="$(PROJECTNAME)"/>
                <ProjectRoot Platform="OSX32" Name="$(PROJECTNAME).app"/>
                <ProjectRoot Platform="Android" Name="$(PROJECTNAME)"/>
                <ProjectRoot Platform="iOSSimulator" Name="$(PROJECTNAME).app"/>
            </Deployment>
            <Platforms>
                <Platform value="Win32">True</Platform>
                <Platform value="Win64">False</Platform>
            </Platforms>
            <ActiveXProjectInfo>
                <version>1</version>
            </ActiveXProjectInfo>
        </BorlandProject>
        <ProjectFileVersion>12</ProjectFileVersion>
    </ProjectExtensions>
    <Import Project="$(BDS)\Bin\CodeGear.Delphi.Targets" Condition="Exists('$(BDS)\Bin\CodeGear.Delphi.Targets')"/>
    <Import Project="$(APPDATA)\Embarcadero\$(BDSAPPDATABASEDIR)\$(PRODUCTVERSION)\UserTools.proj" Condition="Exists('$(APPDATA)\Embarcadero\$(BDSAPPDATABASEDIR)\$(PRODUCTVERSION)\UserTools.proj')"/>
    <Import Project="$(MSBuildProjectName).deployproj" Condition="Exists('$(MSBuildProjectName).deployproj')"/>
</Project>
